{
  "version": 4,
  "terraform_version": "1.8.2",
  "serial": 76,
  "lineage": "00f49086-ee0c-b177-d875-7d6c3f0a4260",
  "outputs": {
    "aws_vpc": {
      "value": "192.168.0.0/20",
      "type": "string"
    },
    "az": {
      "value": {
        "all_availability_zones": null,
        "exclude_names": null,
        "exclude_zone_ids": null,
        "filter": null,
        "group_names": [
          "ap-south-1"
        ],
        "id": "ap-south-1",
        "names": [
          "ap-south-1a",
          "ap-south-1b",
          "ap-south-1c"
        ],
        "state": "available",
        "timeouts": null,
        "zone_ids": [
          "aps1-az1",
          "aps1-az3",
          "aps1-az2"
        ]
      },
      "type": [
        "object",
        {
          "all_availability_zones": "bool",
          "exclude_names": [
            "set",
            "string"
          ],
          "exclude_zone_ids": [
            "set",
            "string"
          ],
          "filter": [
            "set",
            [
              "object",
              {
                "name": "string",
                "values": [
                  "set",
                  "string"
                ]
              }
            ]
          ],
          "group_names": [
            "set",
            "string"
          ],
          "id": "string",
          "names": [
            "list",
            "string"
          ],
          "state": "string",
          "timeouts": [
            "object",
            {
              "read": "string"
            }
          ],
          "zone_ids": [
            "list",
            "string"
          ]
        }
      ]
    },
    "myec2-instance": {
      "value": "ami-02f829375c976f810",
      "type": "string"
    },
    "reg": {
      "value": {
        "description": "Asia Pacific (Mumbai)",
        "endpoint": "ec2.ap-south-1.amazonaws.com",
        "id": "ap-south-1",
        "name": "ap-south-1"
      },
      "type": [
        "object",
        {
          "description": "string",
          "endpoint": "string",
          "id": "string",
          "name": "string"
        }
      ]
    }
  },
  "resources": [
    {
      "mode": "data",
      "type": "aws_ami",
      "name": "myec2",
      "provider": "provider[\"registry.terraform.io/hashicorp/aws\"]",
      "instances": [
        {
          "schema_version": 0,
          "attributes": {
            "architecture": "x86_64",
            "arn": "arn:aws:ec2:ap-south-1::image/ami-02f829375c976f810",
            "block_device_mappings": [
              {
                "device_name": "/dev/sda1",
                "ebs": {
                  "delete_on_termination": "true",
                  "encrypted": "false",
                  "iops": "0",
                  "snapshot_id": "snap-0613ae2a7de97dad0",
                  "throughput": "0",
                  "volume_size": "8",
                  "volume_type": "gp2"
                },
                "no_device": "",
                "virtual_name": ""
              },
              {
                "device_name": "/dev/sdb",
                "ebs": {},
                "no_device": "",
                "virtual_name": "ephemeral0"
              },
              {
                "device_name": "/dev/sdc",
                "ebs": {},
                "no_device": "",
                "virtual_name": "ephemeral1"
              }
            ],
            "boot_mode": "legacy-bios",
            "creation_date": "2024-04-26T13:42:22.000Z",
            "deprecation_time": "2026-04-26T13:42:22.000Z",
            "description": "Canonical, Ubuntu, 20.04 LTS, amd64 focal image build on 2024-04-26",
            "ena_support": true,
            "executable_users": null,
            "filter": [
              {
                "name": "name",
                "values": [
                  "ubuntu/images/hvm-ssd/ubuntu-focal-20.04-amd64-server-*"
                ]
              },
              {
                "name": "virtualization-type",
                "values": [
                  "hvm"
                ]
              }
            ],
            "hypervisor": "xen",
            "id": "ami-02f829375c976f810",
            "image_id": "ami-02f829375c976f810",
            "image_location": "amazon/ubuntu/images/hvm-ssd/ubuntu-focal-20.04-amd64-server-20240426",
            "image_owner_alias": "amazon",
            "image_type": "machine",
            "imds_support": "",
            "include_deprecated": false,
            "kernel_id": "",
            "most_recent": true,
            "name": "ubuntu/images/hvm-ssd/ubuntu-focal-20.04-amd64-server-20240426",
            "name_regex": null,
            "owner_id": "099720109477",
            "owners": [
              "amazon"
            ],
            "platform": "",
            "platform_details": "Linux/UNIX",
            "product_codes": [],
            "public": true,
            "ramdisk_id": "",
            "root_device_name": "/dev/sda1",
            "root_device_type": "ebs",
            "root_snapshot_id": "snap-0613ae2a7de97dad0",
            "sriov_net_support": "simple",
            "state": "available",
            "state_reason": {
              "code": "UNSET",
              "message": "UNSET"
            },
            "tags": {},
            "timeouts": null,
            "tpm_support": "",
            "usage_operation": "RunInstances",
            "virtualization_type": "hvm"
          },
          "sensitive_attributes": []
        }
      ]
    },
    {
      "mode": "data",
      "type": "aws_availability_zones",
      "name": "available",
      "provider": "provider[\"registry.terraform.io/hashicorp/aws\"]",
      "instances": [
        {
          "schema_version": 0,
          "attributes": {
            "all_availability_zones": null,
            "exclude_names": null,
            "exclude_zone_ids": null,
            "filter": null,
            "group_names": [
              "ap-south-1"
            ],
            "id": "ap-south-1",
            "names": [
              "ap-south-1a",
              "ap-south-1b",
              "ap-south-1c"
            ],
            "state": "available",
            "timeouts": null,
            "zone_ids": [
              "aps1-az1",
              "aps1-az3",
              "aps1-az2"
            ]
          },
          "sensitive_attributes": []
        }
      ]
    },
    {
      "mode": "data",
      "type": "aws_region",
      "name": "current",
      "provider": "provider[\"registry.terraform.io/hashicorp/aws\"]",
      "instances": [
        {
          "schema_version": 0,
          "attributes": {
            "description": "Asia Pacific (Mumbai)",
            "endpoint": "ec2.ap-south-1.amazonaws.com",
            "id": "ap-south-1",
            "name": "ap-south-1"
          },
          "sensitive_attributes": []
        }
      ]
    },
    {
      "mode": "managed",
      "type": "aws_instance",
      "name": "ubuntu-server",
      "provider": "provider[\"registry.terraform.io/hashicorp/aws\"]",
      "instances": [
        {
          "status": "tainted",
          "schema_version": 1,
          "attributes": {
            "ami": "ami-02f829375c976f810",
            "arn": "arn:aws:ec2:ap-south-1:905418199754:instance/i-0c2b85f79e5836e79",
            "associate_public_ip_address": true,
            "availability_zone": "ap-south-1b",
            "capacity_reservation_specification": [
              {
                "capacity_reservation_preference": "open",
                "capacity_reservation_target": []
              }
            ],
            "cpu_core_count": 1,
            "cpu_options": [
              {
                "amd_sev_snp": "",
                "core_count": 1,
                "threads_per_core": 1
              }
            ],
            "cpu_threads_per_core": 1,
            "credit_specification": [
              {
                "cpu_credits": "standard"
              }
            ],
            "disable_api_stop": false,
            "disable_api_termination": false,
            "ebs_block_device": [],
            "ebs_optimized": false,
            "enclave_options": [
              {
                "enabled": false
              }
            ],
            "ephemeral_block_device": [],
            "get_password_data": false,
            "hibernation": false,
            "host_id": "",
            "host_resource_group_arn": null,
            "iam_instance_profile": "",
            "id": "i-0c2b85f79e5836e79",
            "instance_initiated_shutdown_behavior": "stop",
            "instance_lifecycle": "",
            "instance_market_options": [],
            "instance_state": "running",
            "instance_type": "t2.micro",
            "ipv6_address_count": 0,
            "ipv6_addresses": [],
            "key_name": "NewKey.pem",
            "launch_template": [],
            "maintenance_options": [
              {
                "auto_recovery": "default"
              }
            ],
            "metadata_options": [
              {
                "http_endpoint": "enabled",
                "http_protocol_ipv6": "disabled",
                "http_put_response_hop_limit": 1,
                "http_tokens": "optional",
                "instance_metadata_tags": "disabled"
              }
            ],
            "monitoring": false,
            "network_interface": [],
            "outpost_arn": "",
            "password_data": "",
            "placement_group": "",
            "placement_partition_number": 0,
            "primary_network_interface_id": "eni-0f2f69506de401cf6",
            "private_dns": "ip-192-168-1-117.ap-south-1.compute.internal",
            "private_dns_name_options": [
              {
                "enable_resource_name_dns_a_record": false,
                "enable_resource_name_dns_aaaa_record": false,
                "hostname_type": "ip-name"
              }
            ],
            "private_ip": "192.168.1.117",
            "public_dns": "",
            "public_ip": "15.207.98.28",
            "root_block_device": [
              {
                "delete_on_termination": true,
                "device_name": "/dev/sda1",
                "encrypted": false,
                "iops": 100,
                "kms_key_id": "",
                "tags": {},
                "tags_all": {},
                "throughput": 0,
                "volume_id": "vol-09cbe822013ddd7d3",
                "volume_size": 8,
                "volume_type": "gp2"
              }
            ],
            "secondary_private_ips": [],
            "security_groups": [
              "sg-041b72d4f98d522c4"
            ],
            "source_dest_check": true,
            "spot_instance_request_id": "",
            "subnet_id": "subnet-0c5ee6136afa147ee",
            "tags": {
              "name": "Terraform"
            },
            "tags_all": {
              "name": "Terraform"
            },
            "tenancy": "default",
            "timeouts": null,
            "user_data": null,
            "user_data_base64": null,
            "user_data_replace_on_change": false,
            "volume_tags": null,
            "vpc_security_group_ids": [
              "sg-041b72d4f98d522c4"
            ]
          },
          "sensitive_attributes": [],
          "private": "eyJlMmJmYjczMC1lY2FhLTExZTYtOGY4OC0zNDM2M2JjN2M0YzAiOnsiY3JlYXRlIjo2MDAwMDAwMDAwMDAsImRlbGV0ZSI6MTIwMDAwMDAwMDAwMCwicmVhZCI6OTAwMDAwMDAwMDAwLCJ1cGRhdGUiOjYwMDAwMDAwMDAwMH0sInNjaGVtYV92ZXJzaW9uIjoiMSJ9",
          "dependencies": [
            "aws_key_pair.newKey",
            "aws_security_group.web-server",
            "aws_subnet.Public",
            "aws_vpc.terraform_created-vpc",
            "data.aws_ami.myec2",
            "data.aws_availability_zones.available",
            "local_file.private_key_pem",
            "local_file.public_key",
            "tls_private_key.generate"
          ]
        }
      ]
    },
    {
      "mode": "managed",
      "type": "aws_internet_gateway",
      "name": "terra-IGW",
      "provider": "provider[\"registry.terraform.io/hashicorp/aws\"]",
      "instances": [
        {
          "schema_version": 0,
          "attributes": {
            "arn": "arn:aws:ec2:ap-south-1:905418199754:internet-gateway/igw-02288cb83f9502e0d",
            "id": "igw-02288cb83f9502e0d",
            "owner_id": "905418199754",
            "tags": {
              "Name": "Terraform-IGW",
              "owner": "Terraform"
            },
            "tags_all": {
              "Name": "Terraform-IGW",
              "owner": "Terraform"
            },
            "timeouts": null,
            "vpc_id": "vpc-0a6b30e79f404dce4"
          },
          "sensitive_attributes": [],
          "private": "eyJlMmJmYjczMC1lY2FhLTExZTYtOGY4OC0zNDM2M2JjN2M0YzAiOnsiY3JlYXRlIjoxMjAwMDAwMDAwMDAwLCJkZWxldGUiOjEyMDAwMDAwMDAwMDAsInVwZGF0ZSI6MTIwMDAwMDAwMDAwMH19",
          "dependencies": [
            "aws_vpc.terraform_created-vpc"
          ]
        }
      ]
    },
    {
      "mode": "managed",
      "type": "aws_key_pair",
      "name": "newKey",
      "provider": "provider[\"registry.terraform.io/hashicorp/aws\"]",
      "instances": [
        {
          "schema_version": 1,
          "attributes": {
            "arn": "arn:aws:ec2:ap-south-1:905418199754:key-pair/NewKey.pem",
            "fingerprint": "bc:35:75:31:9f:5e:a7:20:4a:7d:cd:1e:2e:63:ab:1c",
            "id": "NewKey.pem",
            "key_name": "NewKey.pem",
            "key_name_prefix": "",
            "key_pair_id": "key-072b8cb3447681f92",
            "key_type": "rsa",
            "public_key": "ssh-rsa AAAAB3NzaC1yc2EAAAADAQABAAABAQDThPkpMftO4DDdwlX8dWRSGGNG2RXgjvSBWXwPTUagiLKW3ckNoCsHOjOpVjMnpvptnE6zpPiAHAmeY4ki8uusbo8cKePAuAAGncbIDwcqAnjOcobVyZNGghqRJgNAaz7/8a3hz+BBBRL94qwsP4hu1ltQZmPx3EczcEliu1hYeaKQGmKA2RNhAlwilFtpKUoB2GXOfWuWhycl2H7MoAHLUVsACXlnm4rbPzr1G/0ixJ9RGXEEeWMfrImefq9chDyLHZBtxfAzxZsoX/91YR/zXSlwUwjvtQxqLXUooOPOruqEoQcKlBgyAeAeMnOGGSc3CbpDo72lJEctccIA6u3D",
            "tags": {},
            "tags_all": {}
          },
          "sensitive_attributes": [],
          "private": "eyJzY2hlbWFfdmVyc2lvbiI6IjEifQ==",
          "dependencies": [
            "local_file.private_key_pem",
            "local_file.public_key",
            "tls_private_key.generate"
          ]
        }
      ]
    },
    {
      "mode": "managed",
      "type": "aws_route_table",
      "name": "private",
      "provider": "provider[\"registry.terraform.io/hashicorp/aws\"]",
      "instances": [
        {
          "schema_version": 0,
          "attributes": {
            "arn": "arn:aws:ec2:ap-south-1:905418199754:route-table/rtb-00e9c3d91b51f1d1d",
            "id": "rtb-00e9c3d91b51f1d1d",
            "owner_id": "905418199754",
            "propagating_vgws": [],
            "route": [],
            "tags": {
              "Name": "Private Route",
              "owner": "Terraform"
            },
            "tags_all": {
              "Name": "Private Route",
              "owner": "Terraform"
            },
            "timeouts": null,
            "vpc_id": "vpc-0a6b30e79f404dce4"
          },
          "sensitive_attributes": [],
          "private": "eyJlMmJmYjczMC1lY2FhLTExZTYtOGY4OC0zNDM2M2JjN2M0YzAiOnsiY3JlYXRlIjozMDAwMDAwMDAwMDAsImRlbGV0ZSI6MzAwMDAwMDAwMDAwLCJ1cGRhdGUiOjEyMDAwMDAwMDAwMH19",
          "dependencies": [
            "aws_vpc.terraform_created-vpc"
          ]
        }
      ]
    },
    {
      "mode": "managed",
      "type": "aws_route_table",
      "name": "public",
      "provider": "provider[\"registry.terraform.io/hashicorp/aws\"]",
      "instances": [
        {
          "schema_version": 0,
          "attributes": {
            "arn": "arn:aws:ec2:ap-south-1:905418199754:route-table/rtb-07dc0e9b371f30e1c",
            "id": "rtb-07dc0e9b371f30e1c",
            "owner_id": "905418199754",
            "propagating_vgws": [],
            "route": [
              {
                "carrier_gateway_id": "",
                "cidr_block": "0.0.0.0/0",
                "core_network_arn": "",
                "destination_prefix_list_id": "",
                "egress_only_gateway_id": "",
                "gateway_id": "igw-02288cb83f9502e0d",
                "ipv6_cidr_block": "",
                "local_gateway_id": "",
                "nat_gateway_id": "",
                "network_interface_id": "",
                "transit_gateway_id": "",
                "vpc_endpoint_id": "",
                "vpc_peering_connection_id": ""
              }
            ],
            "tags": {
              "Name": "Public_route",
              "owner": "Terraform"
            },
            "tags_all": {
              "Name": "Public_route",
              "owner": "Terraform"
            },
            "timeouts": null,
            "vpc_id": "vpc-0a6b30e79f404dce4"
          },
          "sensitive_attributes": [],
          "private": "eyJlMmJmYjczMC1lY2FhLTExZTYtOGY4OC0zNDM2M2JjN2M0YzAiOnsiY3JlYXRlIjozMDAwMDAwMDAwMDAsImRlbGV0ZSI6MzAwMDAwMDAwMDAwLCJ1cGRhdGUiOjEyMDAwMDAwMDAwMH19",
          "dependencies": [
            "aws_internet_gateway.terra-IGW",
            "aws_vpc.terraform_created-vpc"
          ]
        }
      ]
    },
    {
      "mode": "managed",
      "type": "aws_route_table_association",
      "name": "association-private",
      "provider": "provider[\"registry.terraform.io/hashicorp/aws\"]",
      "instances": [
        {
          "schema_version": 0,
          "attributes": {
            "gateway_id": "",
            "id": "rtbassoc-08d7b0c1ae0b64815",
            "route_table_id": "rtb-00e9c3d91b51f1d1d",
            "subnet_id": "subnet-024d8f3090e17746b",
            "timeouts": null
          },
          "sensitive_attributes": [],
          "private": "eyJlMmJmYjczMC1lY2FhLTExZTYtOGY4OC0zNDM2M2JjN2M0YzAiOnsiY3JlYXRlIjozMDAwMDAwMDAwMDAsImRlbGV0ZSI6MzAwMDAwMDAwMDAwLCJ1cGRhdGUiOjEyMDAwMDAwMDAwMH19",
          "dependencies": [
            "aws_route_table.private",
            "aws_subnet.Private",
            "aws_vpc.terraform_created-vpc",
            "data.aws_availability_zones.available"
          ]
        }
      ]
    },
    {
      "mode": "managed",
      "type": "aws_route_table_association",
      "name": "association-public",
      "provider": "provider[\"registry.terraform.io/hashicorp/aws\"]",
      "instances": [
        {
          "schema_version": 0,
          "attributes": {
            "gateway_id": "",
            "id": "rtbassoc-0f413538be85ff10c",
            "route_table_id": "rtb-07dc0e9b371f30e1c",
            "subnet_id": "subnet-0c5ee6136afa147ee",
            "timeouts": null
          },
          "sensitive_attributes": [],
          "private": "eyJlMmJmYjczMC1lY2FhLTExZTYtOGY4OC0zNDM2M2JjN2M0YzAiOnsiY3JlYXRlIjozMDAwMDAwMDAwMDAsImRlbGV0ZSI6MzAwMDAwMDAwMDAwLCJ1cGRhdGUiOjEyMDAwMDAwMDAwMH19",
          "dependencies": [
            "aws_internet_gateway.terra-IGW",
            "aws_route_table.public",
            "aws_subnet.Public",
            "aws_vpc.terraform_created-vpc",
            "data.aws_availability_zones.available"
          ]
        }
      ]
    },
    {
      "mode": "managed",
      "type": "aws_security_group",
      "name": "web-server",
      "provider": "provider[\"registry.terraform.io/hashicorp/aws\"]",
      "instances": [
        {
          "schema_version": 1,
          "attributes": {
            "arn": "arn:aws:ec2:ap-south-1:905418199754:security-group/sg-041b72d4f98d522c4",
            "description": "This is a web server security group",
            "egress": [
              {
                "cidr_blocks": [
                  "0.0.0.0/0"
                ],
                "description": "",
                "from_port": 0,
                "ipv6_cidr_blocks": [],
                "prefix_list_ids": [],
                "protocol": "-1",
                "security_groups": [],
                "self": false,
                "to_port": 0
              }
            ],
            "id": "sg-041b72d4f98d522c4",
            "ingress": [
              {
                "cidr_blocks": [
                  "0.0.0.0/0"
                ],
                "description": "",
                "from_port": 22,
                "ipv6_cidr_blocks": [],
                "prefix_list_ids": [],
                "protocol": "tcp",
                "security_groups": [],
                "self": false,
                "to_port": 22
              },
              {
                "cidr_blocks": [
                  "0.0.0.0/0"
                ],
                "description": "",
                "from_port": 80,
                "ipv6_cidr_blocks": [],
                "prefix_list_ids": [],
                "protocol": "tcp",
                "security_groups": [],
                "self": false,
                "to_port": 80
              }
            ],
            "name": "Web-server",
            "name_prefix": "",
            "owner_id": "905418199754",
            "revoke_rules_on_delete": false,
            "tags": {},
            "tags_all": {},
            "timeouts": null,
            "vpc_id": "vpc-0a6b30e79f404dce4"
          },
          "sensitive_attributes": [],
          "private": "eyJlMmJmYjczMC1lY2FhLTExZTYtOGY4OC0zNDM2M2JjN2M0YzAiOnsiY3JlYXRlIjo2MDAwMDAwMDAwMDAsImRlbGV0ZSI6OTAwMDAwMDAwMDAwfSwic2NoZW1hX3ZlcnNpb24iOiIxIn0=",
          "dependencies": [
            "aws_vpc.terraform_created-vpc"
          ],
          "create_before_destroy": true
        }
      ]
    },
    {
      "mode": "managed",
      "type": "aws_subnet",
      "name": "Private",
      "provider": "provider[\"registry.terraform.io/hashicorp/aws\"]",
      "instances": [
        {
          "schema_version": 1,
          "attributes": {
            "arn": "arn:aws:ec2:ap-south-1:905418199754:subnet/subnet-024d8f3090e17746b",
            "assign_ipv6_address_on_creation": false,
            "availability_zone": "ap-south-1a",
            "availability_zone_id": "aps1-az1",
            "cidr_block": "192.168.2.0/24",
            "customer_owned_ipv4_pool": "",
            "enable_dns64": false,
            "enable_lni_at_device_index": 0,
            "enable_resource_name_dns_a_record_on_launch": false,
            "enable_resource_name_dns_aaaa_record_on_launch": false,
            "id": "subnet-024d8f3090e17746b",
            "ipv6_cidr_block": "",
            "ipv6_cidr_block_association_id": "",
            "ipv6_native": false,
            "map_customer_owned_ip_on_launch": false,
            "map_public_ip_on_launch": false,
            "outpost_arn": "",
            "owner_id": "905418199754",
            "private_dns_hostname_type_on_launch": "ip-name",
            "tags": {
              "Name": "Private_subnet",
              "owner": "Terraform"
            },
            "tags_all": {
              "Name": "Private_subnet",
              "owner": "Terraform"
            },
            "timeouts": null,
            "vpc_id": "vpc-0a6b30e79f404dce4"
          },
          "sensitive_attributes": [],
          "private": "eyJlMmJmYjczMC1lY2FhLTExZTYtOGY4OC0zNDM2M2JjN2M0YzAiOnsiY3JlYXRlIjo2MDAwMDAwMDAwMDAsImRlbGV0ZSI6MTIwMDAwMDAwMDAwMH0sInNjaGVtYV92ZXJzaW9uIjoiMSJ9",
          "dependencies": [
            "aws_vpc.terraform_created-vpc",
            "data.aws_availability_zones.available"
          ]
        }
      ]
    },
    {
      "mode": "managed",
      "type": "aws_subnet",
      "name": "Public",
      "provider": "provider[\"registry.terraform.io/hashicorp/aws\"]",
      "instances": [
        {
          "schema_version": 1,
          "attributes": {
            "arn": "arn:aws:ec2:ap-south-1:905418199754:subnet/subnet-0c5ee6136afa147ee",
            "assign_ipv6_address_on_creation": false,
            "availability_zone": "ap-south-1b",
            "availability_zone_id": "aps1-az3",
            "cidr_block": "192.168.1.0/24",
            "customer_owned_ipv4_pool": "",
            "enable_dns64": false,
            "enable_lni_at_device_index": 0,
            "enable_resource_name_dns_a_record_on_launch": false,
            "enable_resource_name_dns_aaaa_record_on_launch": false,
            "id": "subnet-0c5ee6136afa147ee",
            "ipv6_cidr_block": "",
            "ipv6_cidr_block_association_id": "",
            "ipv6_native": false,
            "map_customer_owned_ip_on_launch": false,
            "map_public_ip_on_launch": false,
            "outpost_arn": "",
            "owner_id": "905418199754",
            "private_dns_hostname_type_on_launch": "ip-name",
            "tags": {
              "Name": "Public_subnet",
              "owner": "Terraform"
            },
            "tags_all": {
              "Name": "Public_subnet",
              "owner": "Terraform"
            },
            "timeouts": null,
            "vpc_id": "vpc-0a6b30e79f404dce4"
          },
          "sensitive_attributes": [],
          "private": "eyJlMmJmYjczMC1lY2FhLTExZTYtOGY4OC0zNDM2M2JjN2M0YzAiOnsiY3JlYXRlIjo2MDAwMDAwMDAwMDAsImRlbGV0ZSI6MTIwMDAwMDAwMDAwMH0sInNjaGVtYV92ZXJzaW9uIjoiMSJ9",
          "dependencies": [
            "aws_vpc.terraform_created-vpc",
            "data.aws_availability_zones.available"
          ]
        }
      ]
    },
    {
      "mode": "managed",
      "type": "aws_vpc",
      "name": "terraform_created-vpc",
      "provider": "provider[\"registry.terraform.io/hashicorp/aws\"]",
      "instances": [
        {
          "schema_version": 1,
          "attributes": {
            "arn": "arn:aws:ec2:ap-south-1:905418199754:vpc/vpc-0a6b30e79f404dce4",
            "assign_generated_ipv6_cidr_block": false,
            "cidr_block": "192.168.0.0/20",
            "default_network_acl_id": "acl-04bee002fa8b28d0a",
            "default_route_table_id": "rtb-05edd63bb34debdaf",
            "default_security_group_id": "sg-05e4f217f20bfd6d0",
            "dhcp_options_id": "dopt-06e540137ab866344",
            "enable_dns_hostnames": false,
            "enable_dns_support": true,
            "enable_network_address_usage_metrics": false,
            "id": "vpc-0a6b30e79f404dce4",
            "instance_tenancy": "default",
            "ipv4_ipam_pool_id": null,
            "ipv4_netmask_length": null,
            "ipv6_association_id": "",
            "ipv6_cidr_block": "",
            "ipv6_cidr_block_network_border_group": "",
            "ipv6_ipam_pool_id": "",
            "ipv6_netmask_length": 0,
            "main_route_table_id": "rtb-05edd63bb34debdaf",
            "owner_id": "905418199754",
            "tags": {
              "Name": "terra_creation",
              "department": "Prod",
              "owner": "Terraform"
            },
            "tags_all": {
              "Name": "terra_creation",
              "department": "Prod",
              "owner": "Terraform"
            }
          },
          "sensitive_attributes": [],
          "private": "eyJzY2hlbWFfdmVyc2lvbiI6IjEifQ==",
          "create_before_destroy": true
        }
      ]
    },
    {
      "mode": "managed",
      "type": "local_file",
      "name": "private_key_pem",
      "provider": "provider[\"registry.terraform.io/hashicorp/local\"]",
      "instances": [
        {
          "schema_version": 0,
          "attributes": {
            "content": "-----BEGIN RSA PRIVATE KEY-----\nMIIEowIBAAKCAQEA04T5KTH7TuAw3cJV/HVkUhhjRtkV4I70gVl8D01GoIiylt3J\nDaArBzozqVYzJ6b6bZxOs6T4gBwJnmOJIvLrrG6PHCnjwLgABp3GyA8HKgJ4znKG\n1cmTRoIakSYDQGs+//Gt4c/gQQUS/eKsLD+IbtZbUGZj8dxHM3BJYrtYWHmikBpi\ngNkTYQJcIpRbaSlKAdhlzn1rlocnJdh+zKABy1FbAAl5Z5uK2z869Rv9IsSfURlx\nBHljH6yJnn6vXIQ8ix2QbcXwM8WbKF//dWEf810pcFMI77UMai11KKDjzq7qhKEH\nCpQYMgHgHjJzhhknNwm6Q6O9pSRHLXHCAOrtwwIDAQABAoIBAHLcDoE0Rwd57o89\nbHv/M07xN1fNoneiqVtkQF3+1I9wK6qJHRhtFXCDRnJ6AKVTo0HKU2Jx/w9yKjb8\nTgfQafHkx4m/pZGNWVY+bydMIdPKK9fPkTCemX78P3j6b2GX20oY7xdkTp6AJuP/\nJweQKIInnMZ4E2XO/EsOeotGuJ6x0bqo9grbaiTsEIbXg2ZVjCth3uZFADbqUhdH\nW3ivzhJTurur3+O5mj9+CqLqlBe3537g2QyXP46S7UUIMIA3Aa670zSGUhx5XB1G\nmiJgwG/CKENj/flQr8klkSLj0odm9lW9ij2HMQCUgNwBRUKShE5R25tGQ7jbVIYu\nrffPdQECgYEA5e877akXXikHPC5CjZYe+Y0OIXr8SrEDpEovuBpR1e/yh31k0gDX\nunV6rf4JBgsw/xjcxDozkoR0XG3CAgBtVEPx+L6Ns7DSLuyHAhuAniy+MglYWJTp\nYQbjF7n6KxRWikeJ95AuN+LQurBAGkGLQL3UHJ1LN4WCwbauc2en4KECgYEA639U\nBViJl4WRXvKt3SXCC59rCcVGyUf1kCPXmZuUTUbT0Ahze5T2/QSKCc65fGnBJs2g\nuMdHMefw7xFzEBu55Z5JTUXllEe1pC4ERQT5QslV958OtKHvFQDJyZbmGZX+Rdka\nKwzRNn0EiVtmq/5RtrP6h4scxKBfGgMKZ+bTX+MCgYBeAmkjK05FjkrJ/TPyxZ0W\ndOiBIdKDC0qs4jQOdpxc9wTXBpqxDe0l7CBjgQjZcrvuoJCqng0163fTzoBS5y/M\nExeclvRCspnM26H7Z5k3kp2UwaNgXEnrBLDWo5A4CtGzKbqsAEQVT2P94E/lLEUu\nDC7sIBd/tNOYNgOvZYMK4QKBgD0RqNU2D4A2h+sqXYHiv75J2fUPrnqV6Y02bjuM\nR9n+SwFAn8nlaGNWoQFIFXu45PjODCa+rqy3bBhi2wbLWdq8wF+Eh7N7IRRxRnQr\nhQQXt+5d1e9rqtc0fB+FvSfXaLfuQ8X0LfDGXL3N8QMbEU+ivo4VuiEXQXI6ZaFq\nD1hnAoGBAM7eK6qUOpieP8Dgjeim7/WYXWUKPAitT4N07MoQ+3L8oLdZiq3faYzb\nGGP6vb/1BCcWPxXN7E3D+X0CHh7LDIiX1SWc7k5Cd5AtC8HeHv76RyPwOv8fLwxb\nIjwPn0z4UgDhkaPpLkTKA+dMLxzsjpMCXeoiG6rywaEbhPcPQgNv\n-----END RSA PRIVATE KEY-----\n",
            "content_base64": null,
            "content_base64sha256": "NMKoO3IgFKrfvEfvn1Y/Q9CQ8p2u8D6vs1VeVuIoVtw=",
            "content_base64sha512": "HvwLjCbBu2eMk9JFZtNoITf800MfVDvW21gymA0NC4ggEA2RTQ4s67OTn4CzF8HSLLI5iZReBHYYFyDigGu1AQ==",
            "content_md5": "15c34cbb09fe8cb1f5fab793ed1adc94",
            "content_sha1": "89f4ae06572af1bc55fae6647707eb1713f05b5b",
            "content_sha256": "34c2a83b722014aadfbc47ef9f563f43d090f29daef03eafb3555e56e22856dc",
            "content_sha512": "1efc0b8c26c1bb678c93d24566d3682137fcd3431f543bd6db5832980d0d0b8820100d914d0e2cebb3939f80b317c1d22cb23989945e0476181720e2806bb501",
            "directory_permission": "0777",
            "file_permission": "0777",
            "filename": "NewKey.pem",
            "id": "89f4ae06572af1bc55fae6647707eb1713f05b5b",
            "sensitive_content": null,
            "source": null
          },
          "sensitive_attributes": [
            [
              {
                "type": "get_attr",
                "value": "sensitive_content"
              }
            ],
            [
              {
                "type": "get_attr",
                "value": "content"
              }
            ]
          ],
          "dependencies": [
            "tls_private_key.generate"
          ]
        }
      ]
    },
    {
      "mode": "managed",
      "type": "local_file",
      "name": "public_key",
      "provider": "provider[\"registry.terraform.io/hashicorp/local\"]",
      "instances": [
        {
          "schema_version": 0,
          "attributes": {
            "content": "ssh-rsa AAAAB3NzaC1yc2EAAAADAQABAAABAQDThPkpMftO4DDdwlX8dWRSGGNG2RXgjvSBWXwPTUagiLKW3ckNoCsHOjOpVjMnpvptnE6zpPiAHAmeY4ki8uusbo8cKePAuAAGncbIDwcqAnjOcobVyZNGghqRJgNAaz7/8a3hz+BBBRL94qwsP4hu1ltQZmPx3EczcEliu1hYeaKQGmKA2RNhAlwilFtpKUoB2GXOfWuWhycl2H7MoAHLUVsACXlnm4rbPzr1G/0ixJ9RGXEEeWMfrImefq9chDyLHZBtxfAzxZsoX/91YR/zXSlwUwjvtQxqLXUooOPOruqEoQcKlBgyAeAeMnOGGSc3CbpDo72lJEctccIA6u3D\n",
            "content_base64": null,
            "content_base64sha256": "vJT+ErBeleyE8yWh7qlgO9gVs3c/TcTsb5MKA0NcIF0=",
            "content_base64sha512": "r6As/cSM7VDXcqGHMTW4WQRQopO1Hhw+MkY77MaPjvJpNyKyIz3dmFd7LmlDI3hbKI+Hbab3gaRkpKvngZcdFg==",
            "content_md5": "d66180a65f7c4db370479ee217863452",
            "content_sha1": "c99dda3c06c268b5027befb0d5e1e587f0b12ec3",
            "content_sha256": "bc94fe12b05e95ec84f325a1eea9603bd815b3773f4dc4ec6f930a03435c205d",
            "content_sha512": "afa02cfdc48ced50d772a1873135b8590450a293b51e1c3e32463becc68f8ef2693722b2233ddd98577b2e694323785b288f876da6f781a464a4abe781971d16",
            "directory_permission": "0777",
            "file_permission": "0777",
            "filename": "NewKey.pub",
            "id": "c99dda3c06c268b5027befb0d5e1e587f0b12ec3",
            "sensitive_content": null,
            "source": null
          },
          "sensitive_attributes": [
            [
              {
                "type": "get_attr",
                "value": "sensitive_content"
              }
            ]
          ],
          "dependencies": [
            "tls_private_key.generate"
          ]
        }
      ]
    },
    {
      "mode": "managed",
      "type": "tls_private_key",
      "name": "generate",
      "provider": "provider[\"registry.terraform.io/hashicorp/tls\"]",
      "instances": [
        {
          "schema_version": 1,
          "attributes": {
            "algorithm": "RSA",
            "ecdsa_curve": "P224",
            "id": "ce3ace0ce3dbb66bd86ad5fae205c7337523f198",
            "private_key_openssh": "-----BEGIN OPENSSH PRIVATE KEY-----\nb3BlbnNzaC1rZXktdjEAAAAABG5vbmUAAAAEbm9uZQAAAAAAAAABAAABFwAAAAdz\nc2gtcnNhAAAAAwEAAQAAAQEA04T5KTH7TuAw3cJV/HVkUhhjRtkV4I70gVl8D01G\noIiylt3JDaArBzozqVYzJ6b6bZxOs6T4gBwJnmOJIvLrrG6PHCnjwLgABp3GyA8H\nKgJ4znKG1cmTRoIakSYDQGs+//Gt4c/gQQUS/eKsLD+IbtZbUGZj8dxHM3BJYrtY\nWHmikBpigNkTYQJcIpRbaSlKAdhlzn1rlocnJdh+zKABy1FbAAl5Z5uK2z869Rv9\nIsSfURlxBHljH6yJnn6vXIQ8ix2QbcXwM8WbKF//dWEf810pcFMI77UMai11KKDj\nzq7qhKEHCpQYMgHgHjJzhhknNwm6Q6O9pSRHLXHCAOrtwwAAA7hKslAYSrJQGAAA\nAAdzc2gtcnNhAAABAQDThPkpMftO4DDdwlX8dWRSGGNG2RXgjvSBWXwPTUagiLKW\n3ckNoCsHOjOpVjMnpvptnE6zpPiAHAmeY4ki8uusbo8cKePAuAAGncbIDwcqAnjO\ncobVyZNGghqRJgNAaz7/8a3hz+BBBRL94qwsP4hu1ltQZmPx3EczcEliu1hYeaKQ\nGmKA2RNhAlwilFtpKUoB2GXOfWuWhycl2H7MoAHLUVsACXlnm4rbPzr1G/0ixJ9R\nGXEEeWMfrImefq9chDyLHZBtxfAzxZsoX/91YR/zXSlwUwjvtQxqLXUooOPOruqE\noQcKlBgyAeAeMnOGGSc3CbpDo72lJEctccIA6u3DAAAAAwEAAQAAAQBy3A6BNEcH\nee6PPWx7/zNO8TdXzaJ3oqlbZEBd/tSPcCuqiR0YbRVwg0ZyegClU6NBylNicf8P\ncio2/E4H0Gnx5MeJv6WRjVlWPm8nTCHTyivXz5Ewnpl+/D94+m9hl9tKGO8XZE6e\ngCbj/ycHkCiCJ5zGeBNlzvxLDnqLRriesdG6qPYK22ok7BCG14NmVYwrYd7mRQA2\n6lIXR1t4r84SU7q7q9/juZo/fgqi6pQXt+d+4NkMlz+Oku1FCDCANwGuu9M0hlIc\neVwdRpoiYMBvwihDY/35UK/JJZEi49KHZvZVvYo9hzEAlIDcAUVCkoROUdubRkO4\n21SGLq33z3UBAAAAgQDO3iuqlDqYnj/A4I3opu/1mF1lCjwIrU+DdOzKEPty/KC3\nWYqt32mM2xhj+r2/9QQnFj8VzexNw/l9Ah4eywyIl9UlnO5OQneQLQvB3h7++kcj\n8Dr/Hy8MWyI8D59M+FIA4ZGj6S5EygPnTC8c7I6TAl3qIhuq8sGhG4T3D0IDbwAA\nAIEA5e877akXXikHPC5CjZYe+Y0OIXr8SrEDpEovuBpR1e/yh31k0gDXunV6rf4J\nBgsw/xjcxDozkoR0XG3CAgBtVEPx+L6Ns7DSLuyHAhuAniy+MglYWJTpYQbjF7n6\nKxRWikeJ95AuN+LQurBAGkGLQL3UHJ1LN4WCwbauc2en4KEAAACBAOt/VAVYiZeF\nkV7yrd0lwgufawnFRslH9ZAj15mblE1G09AIc3uU9v0EignOuXxpwSbNoLjHRzHn\n8O8RcxAbueWeSU1F5ZRHtaQuBEUE+ULJVfefDrSh7xUAycmW5hmV/kXZGisM0TZ9\nBIlbZqv+Ubaz+oeLHMSgXxoDCmfm01/jAAAAAAEC\n-----END OPENSSH PRIVATE KEY-----\n",
            "private_key_pem": "-----BEGIN RSA PRIVATE KEY-----\nMIIEowIBAAKCAQEA04T5KTH7TuAw3cJV/HVkUhhjRtkV4I70gVl8D01GoIiylt3J\nDaArBzozqVYzJ6b6bZxOs6T4gBwJnmOJIvLrrG6PHCnjwLgABp3GyA8HKgJ4znKG\n1cmTRoIakSYDQGs+//Gt4c/gQQUS/eKsLD+IbtZbUGZj8dxHM3BJYrtYWHmikBpi\ngNkTYQJcIpRbaSlKAdhlzn1rlocnJdh+zKABy1FbAAl5Z5uK2z869Rv9IsSfURlx\nBHljH6yJnn6vXIQ8ix2QbcXwM8WbKF//dWEf810pcFMI77UMai11KKDjzq7qhKEH\nCpQYMgHgHjJzhhknNwm6Q6O9pSRHLXHCAOrtwwIDAQABAoIBAHLcDoE0Rwd57o89\nbHv/M07xN1fNoneiqVtkQF3+1I9wK6qJHRhtFXCDRnJ6AKVTo0HKU2Jx/w9yKjb8\nTgfQafHkx4m/pZGNWVY+bydMIdPKK9fPkTCemX78P3j6b2GX20oY7xdkTp6AJuP/\nJweQKIInnMZ4E2XO/EsOeotGuJ6x0bqo9grbaiTsEIbXg2ZVjCth3uZFADbqUhdH\nW3ivzhJTurur3+O5mj9+CqLqlBe3537g2QyXP46S7UUIMIA3Aa670zSGUhx5XB1G\nmiJgwG/CKENj/flQr8klkSLj0odm9lW9ij2HMQCUgNwBRUKShE5R25tGQ7jbVIYu\nrffPdQECgYEA5e877akXXikHPC5CjZYe+Y0OIXr8SrEDpEovuBpR1e/yh31k0gDX\nunV6rf4JBgsw/xjcxDozkoR0XG3CAgBtVEPx+L6Ns7DSLuyHAhuAniy+MglYWJTp\nYQbjF7n6KxRWikeJ95AuN+LQurBAGkGLQL3UHJ1LN4WCwbauc2en4KECgYEA639U\nBViJl4WRXvKt3SXCC59rCcVGyUf1kCPXmZuUTUbT0Ahze5T2/QSKCc65fGnBJs2g\nuMdHMefw7xFzEBu55Z5JTUXllEe1pC4ERQT5QslV958OtKHvFQDJyZbmGZX+Rdka\nKwzRNn0EiVtmq/5RtrP6h4scxKBfGgMKZ+bTX+MCgYBeAmkjK05FjkrJ/TPyxZ0W\ndOiBIdKDC0qs4jQOdpxc9wTXBpqxDe0l7CBjgQjZcrvuoJCqng0163fTzoBS5y/M\nExeclvRCspnM26H7Z5k3kp2UwaNgXEnrBLDWo5A4CtGzKbqsAEQVT2P94E/lLEUu\nDC7sIBd/tNOYNgOvZYMK4QKBgD0RqNU2D4A2h+sqXYHiv75J2fUPrnqV6Y02bjuM\nR9n+SwFAn8nlaGNWoQFIFXu45PjODCa+rqy3bBhi2wbLWdq8wF+Eh7N7IRRxRnQr\nhQQXt+5d1e9rqtc0fB+FvSfXaLfuQ8X0LfDGXL3N8QMbEU+ivo4VuiEXQXI6ZaFq\nD1hnAoGBAM7eK6qUOpieP8Dgjeim7/WYXWUKPAitT4N07MoQ+3L8oLdZiq3faYzb\nGGP6vb/1BCcWPxXN7E3D+X0CHh7LDIiX1SWc7k5Cd5AtC8HeHv76RyPwOv8fLwxb\nIjwPn0z4UgDhkaPpLkTKA+dMLxzsjpMCXeoiG6rywaEbhPcPQgNv\n-----END RSA PRIVATE KEY-----\n",
            "private_key_pem_pkcs8": "-----BEGIN PRIVATE KEY-----\nMIIEvQIBADANBgkqhkiG9w0BAQEFAASCBKcwggSjAgEAAoIBAQDThPkpMftO4DDd\nwlX8dWRSGGNG2RXgjvSBWXwPTUagiLKW3ckNoCsHOjOpVjMnpvptnE6zpPiAHAme\nY4ki8uusbo8cKePAuAAGncbIDwcqAnjOcobVyZNGghqRJgNAaz7/8a3hz+BBBRL9\n4qwsP4hu1ltQZmPx3EczcEliu1hYeaKQGmKA2RNhAlwilFtpKUoB2GXOfWuWhycl\n2H7MoAHLUVsACXlnm4rbPzr1G/0ixJ9RGXEEeWMfrImefq9chDyLHZBtxfAzxZso\nX/91YR/zXSlwUwjvtQxqLXUooOPOruqEoQcKlBgyAeAeMnOGGSc3CbpDo72lJEct\nccIA6u3DAgMBAAECggEActwOgTRHB3nujz1se/8zTvE3V82id6KpW2RAXf7Uj3Ar\nqokdGG0VcINGcnoApVOjQcpTYnH/D3IqNvxOB9Bp8eTHib+lkY1ZVj5vJ0wh08or\n18+RMJ6Zfvw/ePpvYZfbShjvF2ROnoAm4/8nB5AogiecxngTZc78Sw56i0a4nrHR\nuqj2CttqJOwQhteDZlWMK2He5kUANupSF0dbeK/OElO6u6vf47maP34KouqUF7fn\nfuDZDJc/jpLtRQgwgDcBrrvTNIZSHHlcHUaaImDAb8IoQ2P9+VCvySWRIuPSh2b2\nVb2KPYcxAJSA3AFFQpKETlHbm0ZDuNtUhi6t9891AQKBgQDl7zvtqRdeKQc8LkKN\nlh75jQ4hevxKsQOkSi+4GlHV7/KHfWTSANe6dXqt/gkGCzD/GNzEOjOShHRcbcIC\nAG1UQ/H4vo2zsNIu7IcCG4CeLL4yCVhYlOlhBuMXuforFFaKR4n3kC434tC6sEAa\nQYtAvdQcnUs3hYLBtq5zZ6fgoQKBgQDrf1QFWImXhZFe8q3dJcILn2sJxUbJR/WQ\nI9eZm5RNRtPQCHN7lPb9BIoJzrl8acEmzaC4x0cx5/DvEXMQG7nlnklNReWUR7Wk\nLgRFBPlCyVX3nw60oe8VAMnJluYZlf5F2RorDNE2fQSJW2ar/lG2s/qHixzEoF8a\nAwpn5tNf4wKBgF4CaSMrTkWOSsn9M/LFnRZ06IEh0oMLSqziNA52nFz3BNcGmrEN\n7SXsIGOBCNlyu+6gkKqeDTXrd9POgFLnL8wTF5yW9EKymczboftnmTeSnZTBo2Bc\nSesEsNajkDgK0bMpuqwARBVPY/3gT+UsRS4MLuwgF3+005g2A69lgwrhAoGAPRGo\n1TYPgDaH6ypdgeK/vknZ9Q+uepXpjTZuO4xH2f5LAUCfyeVoY1ahAUgVe7jk+M4M\nJr6urLdsGGLbBstZ2rzAX4SHs3shFHFGdCuFBBe37l3V72uq1zR8H4W9J9dot+5D\nxfQt8MZcvc3xAxsRT6K+jhW6IRdBcjploWoPWGcCgYEAzt4rqpQ6mJ4/wOCN6Kbv\n9ZhdZQo8CK1Pg3TsyhD7cvygt1mKrd9pjNsYY/q9v/UEJxY/Fc3sTcP5fQIeHssM\niJfVJZzuTkJ3kC0Lwd4e/vpHI/A6/x8vDFsiPA+fTPhSAOGRo+kuRMoD50wvHOyO\nkwJd6iIbqvLBoRuE9w9CA28=\n-----END PRIVATE KEY-----\n",
            "public_key_fingerprint_md5": "41:f4:fb:b5:42:e0:1f:93:fc:be:cc:8f:6d:95:63:29",
            "public_key_fingerprint_sha256": "SHA256:/g2xst2J3R17Cjii4knltdeF5B7HVr7SQiD5ZN2K5jY",
            "public_key_openssh": "ssh-rsa AAAAB3NzaC1yc2EAAAADAQABAAABAQDThPkpMftO4DDdwlX8dWRSGGNG2RXgjvSBWXwPTUagiLKW3ckNoCsHOjOpVjMnpvptnE6zpPiAHAmeY4ki8uusbo8cKePAuAAGncbIDwcqAnjOcobVyZNGghqRJgNAaz7/8a3hz+BBBRL94qwsP4hu1ltQZmPx3EczcEliu1hYeaKQGmKA2RNhAlwilFtpKUoB2GXOfWuWhycl2H7MoAHLUVsACXlnm4rbPzr1G/0ixJ9RGXEEeWMfrImefq9chDyLHZBtxfAzxZsoX/91YR/zXSlwUwjvtQxqLXUooOPOruqEoQcKlBgyAeAeMnOGGSc3CbpDo72lJEctccIA6u3D\n",
            "public_key_pem": "-----BEGIN PUBLIC KEY-----\nMIIBIjANBgkqhkiG9w0BAQEFAAOCAQ8AMIIBCgKCAQEA04T5KTH7TuAw3cJV/HVk\nUhhjRtkV4I70gVl8D01GoIiylt3JDaArBzozqVYzJ6b6bZxOs6T4gBwJnmOJIvLr\nrG6PHCnjwLgABp3GyA8HKgJ4znKG1cmTRoIakSYDQGs+//Gt4c/gQQUS/eKsLD+I\nbtZbUGZj8dxHM3BJYrtYWHmikBpigNkTYQJcIpRbaSlKAdhlzn1rlocnJdh+zKAB\ny1FbAAl5Z5uK2z869Rv9IsSfURlxBHljH6yJnn6vXIQ8ix2QbcXwM8WbKF//dWEf\n810pcFMI77UMai11KKDjzq7qhKEHCpQYMgHgHjJzhhknNwm6Q6O9pSRHLXHCAOrt\nwwIDAQAB\n-----END PUBLIC KEY-----\n",
            "rsa_bits": 2048
          },
          "sensitive_attributes": [
            [
              {
                "type": "get_attr",
                "value": "private_key_openssh"
              }
            ],
            [
              {
                "type": "get_attr",
                "value": "private_key_pem"
              }
            ],
            [
              {
                "type": "get_attr",
                "value": "private_key_pem_pkcs8"
              }
            ]
          ]
        }
      ]
    }
  ],
  "check_results": null
}
